
Microsoft Visual Studio Solution File, Format Version 12.00
# Visual Studio Version 16
VisualStudioVersion = 16.0.30804.86
MinimumVisualStudioVersion = 10.0.40219.1
Project("{9A19103F-16F7-4668-BE54-9A1E7A4F7556}") = "EduKIDS", "leave-management\EduKIDS.csproj", "{FE2BEF36-EA1E-457A-9206-2584F882ADD3}"
EndProject
Global
	GlobalSection(SolutionConfigurationPlatforms) = preSolution
		Debug|Any CPU = Debug|Any CPU
		Release|Any CPU = Release|Any CPU
	EndGlobalSection
	GlobalSection(ProjectConfigurationPlatforms) = postSolution
		{FE2BEF36-EA1E-457A-9206-2584F882ADD3}.Debug|Any CPU.ActiveCfg = Debug|Any CPU
		{FE2BEF36-EA1E-457A-9206-2584F882ADD3}.Debug|Any CPU.Build.0 = Debug|Any CPU
		{FE2BEF36-EA1E-457A-9206-2584F882ADD3}.Release|Any CPU.ActiveCfg = Release|Any CPU
		{FE2BEF36-EA1E-457A-9206-2584F882ADD3}.Release|Any CPU.Build.0 = Release|Any CPU
	EndGlobalSection
	GlobalSection(SolutionProperties) = preSolution
		HideSolutionNode = FALSE
	EndGlobalSection
	GlobalSection(ExtensibilityGlobals) = postSolution
		SolutionGuid = {13A3C001-8134-4AA2-86F8-882D6393FECD}
	EndGlobalSection
EndGlobal
